
Microsoft Visual Studio Solution File, Format Version 12.00
# Visual Studio 15
VisualStudioVersion = 15.0.27004.2006
MinimumVisualStudioVersion = 10.0.40219.1
Project("{FAE04EC0-301F-11D3-BF4B-00C04F79EFBC}") = "ResultType.Tests", "ResultType.Tests\ResultType.Tests.csproj", "{9F481783-69D4-4EBB-AB8A-7E53F5B17582}"
EndProject
Project("{FAE04EC0-301F-11D3-BF4B-00C04F79EFBC}") = "ResultType", "ResultType\ResultType.csproj", "{651A724C-9F3B-444F-BC6D-0830812DA674}"
EndProject
Project("{FAE04EC0-301F-11D3-BF4B-00C04F79EFBC}") = "ResultType.Option", "ResultType.Option\ResultType.Option.csproj", "{C9BF5506-4F22-40F0-9B64-8AB342116F2B}"
EndProject
Project("{FAE04EC0-301F-11D3-BF4B-00C04F79EFBC}") = "ResultType.Option.Tests", "ResultType.Option.Tests\ResultType.Option.Tests.csproj", "{9887525F-CC5F-47B0-AB0D-E223FC33D483}"
EndProject
Global
	GlobalSection(SolutionConfigurationPlatforms) = preSolution
		Debug|Any CPU = Debug|Any CPU
		Release|Any CPU = Release|Any CPU
	EndGlobalSection
	GlobalSection(ProjectConfigurationPlatforms) = postSolution
		{9F481783-69D4-4EBB-AB8A-7E53F5B17582}.Debug|Any CPU.ActiveCfg = Debug|Any CPU
		{9F481783-69D4-4EBB-AB8A-7E53F5B17582}.Debug|Any CPU.Build.0 = Debug|Any CPU
		{9F481783-69D4-4EBB-AB8A-7E53F5B17582}.Release|Any CPU.ActiveCfg = Release|Any CPU
		{9F481783-69D4-4EBB-AB8A-7E53F5B17582}.Release|Any CPU.Build.0 = Release|Any CPU
		{651A724C-9F3B-444F-BC6D-0830812DA674}.Debug|Any CPU.ActiveCfg = Debug|Any CPU
		{651A724C-9F3B-444F-BC6D-0830812DA674}.Debug|Any CPU.Build.0 = Debug|Any CPU
		{651A724C-9F3B-444F-BC6D-0830812DA674}.Release|Any CPU.ActiveCfg = Release|Any CPU
		{651A724C-9F3B-444F-BC6D-0830812DA674}.Release|Any CPU.Build.0 = Release|Any CPU
		{C9BF5506-4F22-40F0-9B64-8AB342116F2B}.Debug|Any CPU.ActiveCfg = Debug|Any CPU
		{C9BF5506-4F22-40F0-9B64-8AB342116F2B}.Debug|Any CPU.Build.0 = Debug|Any CPU
		{C9BF5506-4F22-40F0-9B64-8AB342116F2B}.Release|Any CPU.ActiveCfg = Release|Any CPU
		{C9BF5506-4F22-40F0-9B64-8AB342116F2B}.Release|Any CPU.Build.0 = Release|Any CPU
		{9887525F-CC5F-47B0-AB0D-E223FC33D483}.Debug|Any CPU.ActiveCfg = Debug|Any CPU
		{9887525F-CC5F-47B0-AB0D-E223FC33D483}.Debug|Any CPU.Build.0 = Debug|Any CPU
		{9887525F-CC5F-47B0-AB0D-E223FC33D483}.Release|Any CPU.ActiveCfg = Release|Any CPU
		{9887525F-CC5F-47B0-AB0D-E223FC33D483}.Release|Any CPU.Build.0 = Release|Any CPU
	EndGlobalSection
	GlobalSection(SolutionProperties) = preSolution
		HideSolutionNode = FALSE
	EndGlobalSection
	GlobalSection(ExtensibilityGlobals) = postSolution
		SolutionGuid = {E1B0FE8B-56A5-4DED-A15E-810F7B823643}
	EndGlobalSection
EndGlobal
